// !$*UTF8*$!
{
	archiveVersion = 1;
	classes = {
	};
	objectVersion = 55;
	objects = {

/* Begin PBXBuildFile section */
		F522962F28D5E41B0084AED7 /* DAL.swift in Sources */ = {isa = PBXBuildFile; fileRef = F522962E28D5E41B0084AED7 /* DAL.swift */; };
		F5BE360F28D4B9E300FAA98D /* AppDelegate.swift in Sources */ = {isa = PBXBuildFile; fileRef = F5BE360E28D4B9E300FAA98D /* AppDelegate.swift */; };
		F5BE361128D4B9E300FAA98D /* SceneDelegate.swift in Sources */ = {isa = PBXBuildFile; fileRef = F5BE361028D4B9E300FAA98D /* SceneDelegate.swift */; };
		F5BE361328D4B9E300FAA98D /* ViewController.swift in Sources */ = {isa = PBXBuildFile; fileRef = F5BE361228D4B9E300FAA98D /* ViewController.swift */; };
		F5BE361628D4B9E300FAA98D /* Main.storyboard in Resources */ = {isa = PBXBuildFile; fileRef = F5BE361428D4B9E300FAA98D /* Main.storyboard */; };
		F5BE361928D4B9E300FAA98D /* DirectoryApp_CoreData.xcdatamodeld in Sources */ = {isa = PBXBuildFile; fileRef = F5BE361728D4B9E300FAA98D /* DirectoryApp_CoreData.xcdatamodeld */; };
		F5BE361B28D4B9E500FAA98D /* Assets.xcassets in Resources */ = {isa = PBXBuildFile; fileRef = F5BE361A28D4B9E500FAA98D /* Assets.xcassets */; };
		F5BE361E28D4B9E500FAA98D /* LaunchScreen.storyboard in Resources */ = {isa = PBXBuildFile; fileRef = F5BE361C28D4B9E500FAA98D /* LaunchScreen.storyboard */; };
		F5BE362628D4C3D300FAA98D /* VC_Detail.swift in Sources */ = {isa = PBXBuildFile; fileRef = F5BE362528D4C3D300FAA98D /* VC_Detail.swift */; };
		F5BE362928D4C44400FAA98D /* TableViewCell_Person.swift in Sources */ = {isa = PBXBuildFile; fileRef = F5BE362728D4C44400FAA98D /* TableViewCell_Person.swift */; };
		F5BE362A28D4C44400FAA98D /* TableViewCell_Person.xib in Resources */ = {isa = PBXBuildFile; fileRef = F5BE362828D4C44400FAA98D /* TableViewCell_Person.xib */; };
/* End PBXBuildFile section */

/* Begin PBXFileReference section */
		F522962E28D5E41B0084AED7 /* DAL.swift */ = {isa = PBXFileReference; lastKnownFileType = sourcecode.swift; path = DAL.swift; sourceTree = "<group>"; };
		F5BE360B28D4B9E300FAA98D /* DirectoryApp-CoreData.app */ = {isa = PBXFileReference; explicitFileType = wrapper.application; includeInIndex = 0; path = "DirectoryApp-CoreData.app"; sourceTree = BUILT_PRODUCTS_DIR; };
		F5BE360E28D4B9E300FAA98D /* AppDelegate.swift */ = {isa = PBXFileReference; lastKnownFileType = sourcecode.swift; path = AppDelegate.swift; sourceTree = "<group>"; };
		F5BE361028D4B9E300FAA98D /* SceneDelegate.swift */ = {isa = PBXFileReference; lastKnownFileType = sourcecode.swift; path = SceneDelegate.swift; sourceTree = "<group>"; };
		F5BE361228D4B9E300FAA98D /* ViewController.swift */ = {isa = PBXFileReference; lastKnownFileType = sourcecode.swift; path = ViewController.swift; sourceTree = "<group>"; };
		F5BE361528D4B9E300FAA98D /* Base */ = {isa = PBXFileReference; lastKnownFileType = file.storyboard; name = Base; path = Base.lproj/Main.storyboard; sourceTree = "<group>"; };
		F5BE361828D4B9E300FAA98D /* DirectoryApp_CoreData.xcdatamodel */ = {isa = PBXFileReference; lastKnownFileType = wrapper.xcdatamodel; path = DirectoryApp_CoreData.xcdatamodel; sourceTree = "<group>"; };
		F5BE361A28D4B9E500FAA98D /* Assets.xcassets */ = {isa = PBXFileReference; lastKnownFileType = folder.assetcatalog; path = Assets.xcassets; sourceTree = "<group>"; };
		F5BE361D28D4B9E500FAA98D /* Base */ = {isa = PBXFileReference; lastKnownFileType = file.storyboard; name = Base; path = Base.lproj/LaunchScreen.storyboard; sourceTree = "<group>"; };
		F5BE361F28D4B9E500FAA98D /* Info.plist */ = {isa = PBXFileReference; lastKnownFileType = text.plist.xml; path = Info.plist; sourceTree = "<group>"; };
		F5BE362528D4C3D300FAA98D /* VC_Detail.swift */ = {isa = PBXFileReference; lastKnownFileType = sourcecode.swift; path = VC_Detail.swift; sourceTree = "<group>"; };
		F5BE362728D4C44400FAA98D /* TableViewCell_Person.swift */ = {isa = PBXFileReference; lastKnownFileType = sourcecode.swift; path = TableViewCell_Person.swift; sourceTree = "<group>"; };
		F5BE362828D4C44400FAA98D /* TableViewCell_Person.xib */ = {isa = PBXFileReference; lastKnownFileType = file.xib; path = TableViewCell_Person.xib; sourceTree = "<group>"; };
/* End PBXFileReference section */

/* Begin PBXFrameworksBuildPhase section */
		F5BE360828D4B9E300FAA98D /* Frameworks */ = {
			isa = PBXFrameworksBuildPhase;
			buildActionMask = 2147483647;
			files = (
			);
			runOnlyForDeploymentPostprocessing = 0;
		};
/* End PBXFrameworksBuildPhase section */

/* Begin PBXGroup section */
		F5BE360228D4B9E300FAA98D = {
			isa = PBXGroup;
			children = (
				F5BE360D28D4B9E300FAA98D /* DirectoryApp-CoreData */,
				F5BE360C28D4B9E300FAA98D /* Products */,
			);
			sourceTree = "<group>";
		};
		F5BE360C28D4B9E300FAA98D /* Products */ = {
			isa = PBXGroup;
			children = (
				F5BE360B28D4B9E300FAA98D /* DirectoryApp-CoreData.app */,
			);
			name = Products;
			sourceTree = "<group>";
		};
		F5BE360D28D4B9E300FAA98D /* DirectoryApp-CoreData */ = {
			isa = PBXGroup;
			children = (
				F5BE360E28D4B9E300FAA98D /* AppDelegate.swift */,
				F5BE361028D4B9E300FAA98D /* SceneDelegate.swift */,
				F522962E28D5E41B0084AED7 /* DAL.swift */,
				F5BE361228D4B9E300FAA98D /* ViewController.swift */,
				F5BE362528D4C3D300FAA98D /* VC_Detail.swift */,
				F5BE362728D4C44400FAA98D /* TableViewCell_Person.swift */,
				F5BE362828D4C44400FAA98D /* TableViewCell_Person.xib */,
				F5BE361428D4B9E300FAA98D /* Main.storyboard */,
				F5BE361A28D4B9E500FAA98D /* Assets.xcassets */,
				F5BE361C28D4B9E500FAA98D /* LaunchScreen.storyboard */,
				F5BE361F28D4B9E500FAA98D /* Info.plist */,
				F5BE361728D4B9E300FAA98D /* DirectoryApp_CoreData.xcdatamodeld */,
			);
			path = "DirectoryApp-CoreData";
			sourceTree = "<group>";
		};
/* End PBXGroup section */

/* Begin PBXNativeTarget section */
		F5BE360A28D4B9E300FAA98D /* DirectoryApp-CoreData */ = {
			isa = PBXNativeTarget;
			buildConfigurationList = F5BE362228D4B9E500FAA98D /* Build configuration list for PBXNativeTarget "DirectoryApp-CoreData" */;
			buildPhases = (
				F5BE360728D4B9E300FAA98D /* Sources */,
				F5BE360828D4B9E300FAA98D /* Frameworks */,
				F5BE360928D4B9E300FAA98D /* Resources */,
			);
			buildRules = (
			);
			dependencies = (
			);
			name = "DirectoryApp-CoreData";
			productName = "DirectoryApp-CoreData";
			productReference = F5BE360B28D4B9E300FAA98D /* DirectoryApp-CoreData.app */;
			productType = "com.apple.product-type.application";
		};
/* End PBXNativeTarget section */

/* Begin PBXProject section */
		F5BE360328D4B9E300FAA98D /* Project object */ = {
			isa = PBXProject;
			attributes = {
				BuildIndependentTargetsInParallel = 1;
				LastSwiftUpdateCheck = 1340;
				LastUpgradeCheck = 1340;
				TargetAttributes = {
					F5BE360A28D4B9E300FAA98D = {
						CreatedOnToolsVersion = 13.4.1;
					};
				};
			};
			buildConfigurationList = F5BE360628D4B9E300FAA98D /* Build configuration list for PBXProject "DirectoryApp-CoreData" */;
			compatibilityVersion = "Xcode 13.0";
			developmentRegion = en;
			hasScannedForEncodings = 0;
			knownRegions = (
				en,
				Base,
			);
			mainGroup = F5BE360228D4B9E300FAA98D;
			productRefGroup = F5BE360C28D4B9E300FAA98D /* Products */;
			projectDirPath = "";
			projectRoot = "";
			targets = (
				F5BE360A28D4B9E300FAA98D /* DirectoryApp-CoreData */,
			);
		};
/* End PBXProject section */

/* Begin PBXResourcesBuildPhase section */
		F5BE360928D4B9E300FAA98D /* Resources */ = {
			isa = PBXResourcesBuildPhase;
			buildActionMask = 2147483647;
			files = (
				F5BE361E28D4B9E500FAA98D /* LaunchScreen.storyboard in Resources */,
				F5BE361B28D4B9E500FAA98D /* Assets.xcassets in Resources */,
				F5BE362A28D4C44400FAA98D /* TableViewCell_Person.xib in Resources */,
				F5BE361628D4B9E300FAA98D /* Main.storyboard in Resources */,
			);
			runOnlyForDeploymentPostprocessing = 0;
		};
/* End PBXResourcesBuildPhase section */

/* Begin PBXSourcesBuildPhase section */
		F5BE360728D4B9E300FAA98D /* Sources */ = {
			isa = PBXSourcesBuildPhase;
			buildActionMask = 2147483647;
			files = (
				F5BE361328D4B9E300FAA98D /* ViewController.swift in Sources */,
				F5BE360F28D4B9E300FAA98D /* AppDelegate.swift in Sources */,
				F5BE362928D4C44400FAA98D /* TableViewCell_Person.swift in Sources */,
				F5BE361928D4B9E300FAA98D /* DirectoryApp_CoreData.xcdatamodeld in Sources */,
				F5BE362628D4C3D300FAA98D /* VC_Detail.swift in Sources */,
				F5BE361128D4B9E300FAA98D /* SceneDelegate.swift in Sources */,
				F522962F28D5E41B0084AED7 /* DAL.swift in Sources */,
			);
			runOnlyForDeploymentPostprocessing = 0;
		};
/* End PBXSourcesBuildPhase section */

/* Begin PBXVariantGroup section */
		F5BE361428D4B9E300FAA98D /* Main.storyboard */ = {
			isa = PBXVariantGroup;
			children = (
				F5BE361528D4B9E300FAA98D /* Base */,
			);
			name = Main.storyboard;
			sourceTree = "<group>";
		};
		F5BE361C28D4B9E500FAA98D /* LaunchScreen.storyboard */ = {
			isa = PBXVariantGroup;
			children = (
				F5BE361D28D4B9E500FAA98D /* Base */,
			);
			name = LaunchScreen.storyboard;
			sourceTree = "<group>";
		};
/* End PBXVariantGroup section */

/* Begin XCBuildConfiguration section */
		F5BE362028D4B9E500FAA98D /* Debug */ = {
			isa = XCBuildConfiguration;
			buildSettings = {
				ALWAYS_SEARCH_USER_PATHS = NO;
				CLANG_ANALYZER_NONNULL = YES;
				CLANG_ANALYZER_NUMBER_OBJECT_CONVERSION = YES_AGGRESSIVE;
				CLANG_CXX_LANGUAGE_STANDARD = "gnu++17";
				CLANG_ENABLE_MODULES = YES;
				CLANG_ENABLE_OBJC_ARC = YES;
				CLANG_ENABLE_OBJC_WEAK = YES;
				CLANG_WARN_BLOCK_CAPTURE_AUTORELEASING = YES;
				CLANG_WARN_BOOL_CONVERSION = YES;
				CLANG_WARN_COMMA = YES;
				CLANG_WARN_CONSTANT_CONVERSION = YES;
				CLANG_WARN_DEPRECATED_OBJC_IMPLEMENTATIONS = YES;
				CLANG_WARN_DIRECT_OBJC_ISA_USAGE = YES_ERROR;
				CLANG_WARN_DOCUMENTATION_COMMENTS = YES;
				CLANG_WARN_EMPTY_BODY = YES;
				CLANG_WARN_ENUM_CONVERSION = YES;
				CLANG_WARN_INFINITE_RECURSION = YES;
				CLANG_WARN_INT_CONVERSION = YES;
				CLANG_WARN_NON_LITERAL_NULL_CONVERSION = YES;
				CLANG_WARN_OBJC_IMPLICIT_RETAIN_SELF = YES;
				CLANG_WARN_OBJC_LITERAL_CONVERSION = YES;
				CLANG_WARN_OBJC_ROOT_CLASS = YES_ERROR;
				CLANG_WARN_QUOTED_INCLUDE_IN_FRAMEWORK_HEADER = YES;
				CLANG_WARN_RANGE_LOOP_ANALYSIS = YES;
				CLANG_WARN_STRICT_PROTOTYPES = YES;
				CLANG_WARN_SUSPICIOUS_MOVE = YES;
				CLANG_WARN_UNGUARDED_AVAILABILITY = YES_AGGRESSIVE;
				CLANG_WARN_UNREACHABLE_CODE = YES;
				CLANG_WARN__DUPLICATE_METHOD_MATCH = YES;
				COPY_PHASE_STRIP = NO;
				DEBUG_INFORMATION_FORMAT = dwarf;
				ENABLE_STRICT_OBJC_MSGSEND = YES;
				ENABLE_TESTABILITY = YES;
				GCC_C_LANGUAGE_STANDARD = gnu11;
				GCC_DYNAMIC_NO_PIC = NO;
				GCC_NO_COMMON_BLOCKS = YES;
				GCC_OPTIMIZATION_LEVEL = 0;
				GCC_PREPROCESSOR_DEFINITIONS = (
					"DEBUG=1",
					"$(inherited)",
				);
				GCC_WARN_64_TO_32_BIT_CONVERSION = YES;
				GCC_WARN_ABOUT_RETURN_TYPE = YES_ERROR;
				GCC_WARN_UNDECLARED_SELECTOR = YES;
				GCC_WARN_UNINITIALIZED_AUTOS = YES_AGGRESSIVE;
				GCC_WARN_UNUSED_FUNCTION = YES;
				GCC_WARN_UNUSED_VARIABLE = YES;
				IPHONEOS_DEPLOYMENT_TARGET = 15.5;
				MTL_ENABLE_DEBUG_INFO = INCLUDE_SOURCE;
				MTL_FAST_MATH = YES;
				ONLY_ACTIVE_ARCH = YES;
				SDKROOT = iphoneos;
				SWIFT_ACTIVE_COMPILATION_CONDITIONS = DEBUG;
				SWIFT_OPTIMIZATION_LEVEL = "-Onone";
			};
			name = Debug;
		};
		F5BE362128D4B9E500FAA98D /* Release */ = {
			isa = XCBuildConfiguration;
			buildSettings = {
				ALWAYS_SEARCH_USER_PATHS = NO;
				CLANG_ANALYZER_NONNULL = YES;
				CLANG_ANALYZER_NUMBER_OBJECT_CONVERSION = YES_AGGRESSIVE;
				CLANG_CXX_LANGUAGE_STANDARD = "gnu++17";
				CLANG_ENABLE_MODULES = YES;
				CLANG_ENABLE_OBJC_ARC = YES;
				CLANG_ENABLE_OBJC_WEAK = YES;
				CLANG_WARN_BLOCK_CAPTURE_AUTORELEASING = YES;
				CLANG_WARN_BOOL_CONVERSION = YES;
				CLANG_WARN_COMMA = YES;
				CLANG_WARN_CONSTANT_CONVERSION = YES;
				CLANG_WARN_DEPRECATED_OBJC_IMPLEMENTATIONS = YES;
				CLANG_WARN_DIRECT_OBJC_ISA_USAGE = YES_ERROR;
				CLANG_WARN_DOCUMENTATION_COMMENTS = YES;
				CLANG_WARN_EMPTY_BODY = YES;
				CLANG_WARN_ENUM_CONVERSION = YES;
				CLANG_WARN_INFINITE_RECURSION = YES;
				CLANG_WARN_INT_CONVERSION = YES;
				CLANG_WARN_NON_LITERAL_NULL_CONVERSION = YES;
				CLANG_WARN_OBJC_IMPLICIT_RETAIN_SELF = YES;
				CLANG_WARN_OBJC_LITERAL_CONVERSION = YES;
				CLANG_WARN_OBJC_ROOT_CLASS = YES_ERROR;
				CLANG_WARN_QUOTED_INCLUDE_IN_FRAMEWORK_HEADER = YES;
				CLANG_WARN_RANGE_LOOP_ANALYSIS = YES;
				CLANG_WARN_STRICT_PROTOTYPES = YES;
				CLANG_WARN_SUSPICIOUS_MOVE = YES;
				CLANG_WARN_UNGUARDED_AVAILABILITY = YES_AGGRESSIVE;
				CLANG_WARN_UNREACHABLE_CODE = YES;
				CLANG_WARN__DUPLICATE_METHOD_MATCH = YES;
				COPY_PHASE_STRIP = NO;
				DEBUG_INFORMATION_FORMAT = "dwarf-with-dsym";
				ENABLE_NS_ASSERTIONS = NO;
				ENABLE_STRICT_OBJC_MSGSEND = YES;
				GCC_C_LANGUAGE_STANDARD = gnu11;
				GCC_NO_COMMON_BLOCKS = YES;
				GCC_WARN_64_TO_32_BIT_CONVERSION = YES;
				GCC_WARN_ABOUT_RETURN_TYPE = YES_ERROR;
				GCC_WARN_UNDECLARED_SELECTOR = YES;
				GCC_WARN_UNINITIALIZED_AUTOS = YES_AGGRESSIVE;
				GCC_WARN_UNUSED_FUNCTION = YES;
				GCC_WARN_UNUSED_VARIABLE = YES;
				IPHONEOS_DEPLOYMENT_TARGET = 15.5;
				MTL_ENABLE_DEBUG_INFO = NO;
				MTL_FAST_MATH = YES;
				SDKROOT = iphoneos;
				SWIFT_COMPILATION_MODE = wholemodule;
				SWIFT_OPTIMIZATION_LEVEL = "-O";
				VALIDATE_PRODUCT = YES;
			};
			name = Release;
		};
		F5BE362328D4B9E500FAA98D /* Debug */ = {
			isa = XCBuildConfiguration;
			buildSettings = {
				ASSETCATALOG_COMPILER_APPICON_NAME = AppIcon;
				ASSETCATALOG_COMPILER_GLOBAL_ACCENT_COLOR_NAME = AccentColor;
				CODE_SIGN_STYLE = Automatic;
				CURRENT_PROJECT_VERSION = 1;
				DEVELOPMENT_TEAM = 2D4ZSKQP5M;
				GENERATE_INFOPLIST_FILE = YES;
				INFOPLIST_FILE = "DirectoryApp-CoreData/Info.plist";
				INFOPLIST_KEY_UIApplicationSupportsIndirectInputEvents = YES;
				INFOPLIST_KEY_UILaunchStoryboardName = LaunchScreen;
				INFOPLIST_KEY_UIMainStoryboardFile = Main;
				INFOPLIST_KEY_UISupportedInterfaceOrientations_iPad = "UIInterfaceOrientationPortrait UIInterfaceOrientationPortraitUpsideDown UIInterfaceOrientationLandscapeLeft UIInterfaceOrientationLandscapeRight";
				INFOPLIST_KEY_UISupportedInterfaceOrientations_iPhone = "UIInterfaceOrientationPortrait UIInterfaceOrientationLandscapeLeft UIInterfaceOrientationLandscapeRight";
				LD_RUNPATH_SEARCH_PATHS = (
					"$(inherited)",
					"@executable_path/Frameworks",
				);
				MARKETING_VERSION = 1.0;
				PRODUCT_BUNDLE_IDENTIFIER = "com.emrekocak.DirectoryApp-CoreData";
				PRODUCT_NAME = "$(TARGET_NAME)";
				SWIFT_EMIT_LOC_STRINGS = YES;
				SWIFT_VERSION = 5.0;
				TARGETED_DEVICE_FAMILY = "1,2";
			};
			name = Debug;
		};
		F5BE362428D4B9E500FAA98D /* Release */ = {
			isa = XCBuildConfiguration;
			buildSettings = {
				ASSETCATALOG_COMPILER_APPICON_NAME = AppIcon;
				ASSETCATALOG_COMPILER_GLOBAL_ACCENT_COLOR_NAME = AccentColor;
				CODE_SIGN_STYLE = Automatic;
				CURRENT_PROJECT_VERSION = 1;
				DEVELOPMENT_TEAM = 2D4ZSKQP5M;
				GENERATE_INFOPLIST_FILE = YES;
				INFOPLIST_FILE = "DirectoryApp-CoreData/Info.plist";
				INFOPLIST_KEY_UIApplicationSupportsIndirectInputEvents = YES;
				INFOPLIST_KEY_UILaunchStoryboardName = LaunchScreen;
				INFOPLIST_KEY_UIMainStoryboardFile = Main;
				INFOPLIST_KEY_UISupportedInterfaceOrientations_iPad = "UIInterfaceOrientationPortrait UIInterfaceOrientationPortraitUpsideDown UIInterfaceOrientationLandscapeLeft UIInterfaceOrientationLandscapeRight";
				INFOPLIST_KEY_UISupportedInterfaceOrientations_iPhone = "UIInterfaceOrientationPortrait UIInterfaceOrientationLandscapeLeft UIInterfaceOrientationLandscapeRight";
				LD_RUNPATH_SEARCH_PATHS = (
					"$(inherited)",
					"@executable_path/Frameworks",
				);
				MARKETING_VERSION = 1.0;
				PRODUCT_BUNDLE_IDENTIFIER = "com.emrekocak.DirectoryApp-CoreData";
				PRODUCT_NAME = "$(TARGET_NAME)";
				SWIFT_EMIT_LOC_STRINGS = YES;
				SWIFT_VERSION = 5.0;
				TARGETED_DEVICE_FAMILY = "1,2";
			};
			name = Release;
		};
/* End XCBuildConfiguration section */

/* Begin XCConfigurationList section */
		F5BE360628D4B9E300FAA98D /* Build configuration list for PBXProject "DirectoryApp-CoreData" */ = {
			isa = XCConfigurationList;
			buildConfigurations = (
				F5BE362028D4B9E500FAA98D /* Debug */,
				F5BE362128D4B9E500FAA98D /* Release */,
			);
			defaultConfigurationIsVisible = 0;
			defaultConfigurationName = Release;
		};
		F5BE362228D4B9E500FAA98D /* Build configuration list for PBXNativeTarget "DirectoryApp-CoreData" */ = {
			isa = XCConfigurationList;
			buildConfigurations = (
				F5BE362328D4B9E500FAA98D /* Debug */,
				F5BE362428D4B9E500FAA98D /* Release */,
			);
			defaultConfigurationIsVisible = 0;
			defaultConfigurationName = Release;
		};
/* End XCConfigurationList section */

/* Begin XCVersionGroup section */
		F5BE361728D4B9E300FAA98D /* DirectoryApp_CoreData.xcdatamodeld */ = {
			isa = XCVersionGroup;
			children = (
				F5BE361828D4B9E300FAA98D /* DirectoryApp_CoreData.xcdatamodel */,
			);
			currentVersion = F5BE361828D4B9E300FAA98D /* DirectoryApp_CoreData.xcdatamodel */;
			path = DirectoryApp_CoreData.xcdatamodeld;
			sourceTree = "<group>";
			versionGroupType = wrapper.xcdatamodel;
		};
/* End XCVersionGroup section */
	};
	rootObject = F5BE360328D4B9E300FAA98D /* Project object */;
}
